
Microsoft Visual Studio Solution File, Format Version 12.00
# Visual Studio Version 17
VisualStudioVersion = 17.10.35122.118
MinimumVisualStudioVersion = 10.0.40219.1
Project("{888888A0-9F3D-457C-B088-3A5042F75D52}") = "upbank-ynab-connector", "upbank-ynab-connector.pyproj", "{2F8DBC89-15CE-4146-8E64-33FF7AF8E0F1}"
EndProject
Global
	GlobalSection(SolutionConfigurationPlatforms) = preSolution
		Debug|Any CPU = Debug|Any CPU
		Release|Any CPU = Release|Any CPU
	EndGlobalSection
	GlobalSection(ProjectConfigurationPlatforms) = postSolution
		{2F8DBC89-15CE-4146-8E64-33FF7AF8E0F1}.Debug|Any CPU.ActiveCfg = Debug|Any CPU
		{2F8DBC89-15CE-4146-8E64-33FF7AF8E0F1}.Release|Any CPU.ActiveCfg = Release|Any CPU
	EndGlobalSection
	GlobalSection(SolutionProperties) = preSolution
		HideSolutionNode = FALSE
	EndGlobalSection
	GlobalSection(ExtensibilityGlobals) = postSolution
		SolutionGuid = {AB706F00-3525-4732-80FA-9B982CF6CB40}
	EndGlobalSection
EndGlobal
